// !$*UTF8*$!
{
	archiveVersion = 1;
	classes = {
	};
	objectVersion = 46;
	objects = {

/* Begin PBXBuildFile section */
		811170DB17532F740073792B /* NumberFieldFormatter.m in Sources */ = {isa = PBXBuildFile; fileRef = 811170DA17532F740073792B /* NumberFieldFormatter.m */; };
		8121CBCE1746576900D5B436 /* Cocoa.framework in Frameworks */ = {isa = PBXBuildFile; fileRef = 8121CBCD1746576900D5B436 /* Cocoa.framework */; };
		8121CBD81746576900D5B436 /* InfoPlist.strings in Resources */ = {isa = PBXBuildFile; fileRef = 8121CBD61746576900D5B436 /* InfoPlist.strings */; };
		8121CBDA1746576900D5B436 /* main.m in Sources */ = {isa = PBXBuildFile; fileRef = 8121CBD91746576900D5B436 /* main.m */; };
		8121CBDE1746576900D5B436 /* Credits.rtf in Resources */ = {isa = PBXBuildFile; fileRef = 8121CBDC1746576900D5B436 /* Credits.rtf */; };
		8121CBE11746576900D5B436 /* AppDelegate.m in Sources */ = {isa = PBXBuildFile; fileRef = 8121CBE01746576900D5B436 /* AppDelegate.m */; };
		8121CBE41746576900D5B436 /* MainMenu.xib in Resources */ = {isa = PBXBuildFile; fileRef = 8121CBE21746576900D5B436 /* MainMenu.xib */; };
		8130C20C175A527E00D54D24 /* pv in Resources */ = {isa = PBXBuildFile; fileRef = 8130C20B175A527E00D54D24 /* pv */; };
		8130C20E175A52AA00D54D24 /* pv in CopyFiles */ = {isa = PBXBuildFile; fileRef = 8130C20B175A527E00D54D24 /* pv */; };
		8149BB7E1754D06E005AB3C7 /* CreateImageWindowController.m in Sources */ = {isa = PBXBuildFile; fileRef = 8149BB7D1754D06E005AB3C7 /* CreateImageWindowController.m */; };
		8149BB801754D088005AB3C7 /* CreateImageWindow.xib in Resources */ = {isa = PBXBuildFile; fileRef = 8149BB7F1754D088005AB3C7 /* CreateImageWindow.xib */; };
		8160C54B175F7668007001CF /* HFSFileIcon.icns in Resources */ = {isa = PBXBuildFile; fileRef = 8160C54A175F7668007001CF /* HFSFileIcon.icns */; };
		8168990D17CDF5DF00058B9F /* dsa_pub.pem in Resources */ = {isa = PBXBuildFile; fileRef = 8168990C17CDF5DF00058B9F /* dsa_pub.pem */; };
		8168991D17CDF5F400058B9F /* hattrib in Resources */ = {isa = PBXBuildFile; fileRef = 8168990E17CDF5F400058B9F /* hattrib */; };
		8168991E17CDF5F400058B9F /* hcd in Resources */ = {isa = PBXBuildFile; fileRef = 8168990F17CDF5F400058B9F /* hcd */; };
		8168991F17CDF5F400058B9F /* hcopy in Resources */ = {isa = PBXBuildFile; fileRef = 8168991017CDF5F400058B9F /* hcopy */; };
		8168992017CDF5F400058B9F /* hdel in Resources */ = {isa = PBXBuildFile; fileRef = 8168991117CDF5F400058B9F /* hdel */; };
		8168992117CDF5F400058B9F /* hdir in Resources */ = {isa = PBXBuildFile; fileRef = 8168991217CDF5F400058B9F /* hdir */; };
		8168992217CDF5F400058B9F /* hformat in Resources */ = {isa = PBXBuildFile; fileRef = 8168991317CDF5F400058B9F /* hformat */; };
		8168992317CDF5F400058B9F /* hfsutil in Resources */ = {isa = PBXBuildFile; fileRef = 8168991417CDF5F400058B9F /* hfsutil */; };
		8168992417CDF5F400058B9F /* hls in Resources */ = {isa = PBXBuildFile; fileRef = 8168991517CDF5F400058B9F /* hls */; };
		8168992517CDF5F400058B9F /* hmkdir in Resources */ = {isa = PBXBuildFile; fileRef = 8168991617CDF5F400058B9F /* hmkdir */; };
		8168992617CDF5F400058B9F /* hmount in Resources */ = {isa = PBXBuildFile; fileRef = 8168991717CDF5F400058B9F /* hmount */; };
		8168992717CDF5F400058B9F /* hpwd in Resources */ = {isa = PBXBuildFile; fileRef = 8168991817CDF5F400058B9F /* hpwd */; };
		8168992817CDF5F400058B9F /* hrename in Resources */ = {isa = PBXBuildFile; fileRef = 8168991917CDF5F400058B9F /* hrename */; };
		8168992917CDF5F400058B9F /* hrmdir in Resources */ = {isa = PBXBuildFile; fileRef = 8168991A17CDF5F400058B9F /* hrmdir */; };
		8168992A17CDF5F400058B9F /* humount in Resources */ = {isa = PBXBuildFile; fileRef = 8168991B17CDF5F400058B9F /* humount */; };
		8168992B17CDF5F400058B9F /* hvol in Resources */ = {isa = PBXBuildFile; fileRef = 8168991C17CDF5F400058B9F /* hvol */; };
		8168992C17CDF60700058B9F /* hattrib in CopyFiles */ = {isa = PBXBuildFile; fileRef = 8168990E17CDF5F400058B9F /* hattrib */; };
		8168992D17CDF60700058B9F /* hcd in CopyFiles */ = {isa = PBXBuildFile; fileRef = 8168990F17CDF5F400058B9F /* hcd */; };
		8168992E17CDF60700058B9F /* hcopy in CopyFiles */ = {isa = PBXBuildFile; fileRef = 8168991017CDF5F400058B9F /* hcopy */; };
		8168992F17CDF60700058B9F /* hdel in CopyFiles */ = {isa = PBXBuildFile; fileRef = 8168991117CDF5F400058B9F /* hdel */; };
		8168993017CDF60700058B9F /* hdir in CopyFiles */ = {isa = PBXBuildFile; fileRef = 8168991217CDF5F400058B9F /* hdir */; };
		8168993117CDF60700058B9F /* hformat in CopyFiles */ = {isa = PBXBuildFile; fileRef = 8168991317CDF5F400058B9F /* hformat */; };
		8168993217CDF60700058B9F /* hfsutil in CopyFiles */ = {isa = PBXBuildFile; fileRef = 8168991417CDF5F400058B9F /* hfsutil */; };
		8168993317CDF60700058B9F /* hls in CopyFiles */ = {isa = PBXBuildFile; fileRef = 8168991517CDF5F400058B9F /* hls */; };
		8168993417CDF60700058B9F /* hmkdir in CopyFiles */ = {isa = PBXBuildFile; fileRef = 8168991617CDF5F400058B9F /* hmkdir */; };
		8168993517CDF60700058B9F /* hmount in CopyFiles */ = {isa = PBXBuildFile; fileRef = 8168991717CDF5F400058B9F /* hmount */; };
		8168993617CDF60700058B9F /* hpwd in CopyFiles */ = {isa = PBXBuildFile; fileRef = 8168991817CDF5F400058B9F /* hpwd */; };
		8168993717CDF60700058B9F /* hrename in CopyFiles */ = {isa = PBXBuildFile; fileRef = 8168991917CDF5F400058B9F /* hrename */; };
		8168993817CDF60700058B9F /* hrmdir in CopyFiles */ = {isa = PBXBuildFile; fileRef = 8168991A17CDF5F400058B9F /* hrmdir */; };
		8168993917CDF60700058B9F /* humount in CopyFiles */ = {isa = PBXBuildFile; fileRef = 8168991B17CDF5F400058B9F /* humount */; };
		8168993A17CDF60700058B9F /* hvol in CopyFiles */ = {isa = PBXBuildFile; fileRef = 8168991C17CDF5F400058B9F /* hvol */; };
		8168994517CDF75C00058B9F /* dsa_pub.pem in CopyFiles */ = {isa = PBXBuildFile; fileRef = 8168990C17CDF5DF00058B9F /* dsa_pub.pem */; };
		8168994717CDF79900058B9F /* Sparkle.framework in Frameworks */ = {isa = PBXBuildFile; fileRef = 8168994617CDF79900058B9F /* Sparkle.framework */; };
		8168994817CDF80E00058B9F /* Sparkle.framework in CopyFiles */ = {isa = PBXBuildFile; fileRef = 8168994617CDF79900058B9F /* Sparkle.framework */; };
		8183CDF1174FCC21001A4BA5 /* ImageUtility.m in Sources */ = {isa = PBXBuildFile; fileRef = 8183CDF0174FCC21001A4BA5 /* ImageUtility.m */; };
		819A1CFF17522E5400AF93C0 /* CustomDiskSizeWindowController.m in Sources */ = {isa = PBXBuildFile; fileRef = 819A1CFE17522E5400AF93C0 /* CustomDiskSizeWindowController.m */; };
		81B38A0B1760ACFE002320C6 /* IconCell.m in Sources */ = {isa = PBXBuildFile; fileRef = 81B38A091760ACFE002320C6 /* IconCell.m */; };
		81B38A131760AECA002320C6 /* ImageFilesOutlineViewController.m in Sources */ = {isa = PBXBuildFile; fileRef = 81B38A121760AECA002320C6 /* ImageFilesOutlineViewController.m */; };
		81B38A181760AF26002320C6 /* ImageFileModel.m in Sources */ = {isa = PBXBuildFile; fileRef = 81B38A171760AF26002320C6 /* ImageFileModel.m */; };
		81B475C61753B60D00F69FF8 /* CustomDiskSizeWindow.xib in Resources */ = {isa = PBXBuildFile; fileRef = 81B475C51753B60D00F69FF8 /* CustomDiskSizeWindow.xib */; };
		81B475C81753B83500F69FF8 /* HFSUtilsIcon2.icns in Resources */ = {isa = PBXBuildFile; fileRef = 81B475C71753B83500F69FF8 /* HFSUtilsIcon2.icns */; };
		81CA8BA41756665500565AB4 /* HFSProject.png in Resources */ = {isa = PBXBuildFile; fileRef = 81CA8BA31756665500565AB4 /* HFSProject.png */; };
		81E6840E175616C100E98E2F /* HFSUtilsIcon3.icns in Resources */ = {isa = PBXBuildFile; fileRef = 81E6840D175616C100E98E2F /* HFSUtilsIcon3.icns */; };
/* End PBXBuildFile section */

/* Begin PBXCopyFilesBuildPhase section */
		8121CBEA17465A4100D5B436 /* CopyFiles */ = {
			isa = PBXCopyFilesBuildPhase;
			buildActionMask = 2147483647;
			dstPath = HFSTools;
			dstSubfolderSpec = 6;
			files = (
				8168992C17CDF60700058B9F /* hattrib in CopyFiles */,
				8168992D17CDF60700058B9F /* hcd in CopyFiles */,
				8168992E17CDF60700058B9F /* hcopy in CopyFiles */,
				8168992F17CDF60700058B9F /* hdel in CopyFiles */,
				8168993017CDF60700058B9F /* hdir in CopyFiles */,
				8168993117CDF60700058B9F /* hformat in CopyFiles */,
				8168993217CDF60700058B9F /* hfsutil in CopyFiles */,
				8168993317CDF60700058B9F /* hls in CopyFiles */,
				8168993417CDF60700058B9F /* hmkdir in CopyFiles */,
				8168993517CDF60700058B9F /* hmount in CopyFiles */,
				8168993617CDF60700058B9F /* hpwd in CopyFiles */,
				8168993717CDF60700058B9F /* hrename in CopyFiles */,
				8168993817CDF60700058B9F /* hrmdir in CopyFiles */,
				8168993917CDF60700058B9F /* humount in CopyFiles */,
				8168993A17CDF60700058B9F /* hvol in CopyFiles */,
			);
			runOnlyForDeploymentPostprocessing = 0;
		};
		8130C20D175A529400D54D24 /* CopyFiles */ = {
			isa = PBXCopyFilesBuildPhase;
			buildActionMask = 2147483647;
			dstPath = "";
			dstSubfolderSpec = 6;
			files = (
				8130C20E175A52AA00D54D24 /* pv in CopyFiles */,
			);
			runOnlyForDeploymentPostprocessing = 0;
		};
		81FC03DC17CB52BF0014C14B /* CopyFiles */ = {
			isa = PBXCopyFilesBuildPhase;
			buildActionMask = 2147483647;
			dstPath = "";
			dstSubfolderSpec = 10;
			files = (
				8168994817CDF80E00058B9F /* Sparkle.framework in CopyFiles */,
			);
			runOnlyForDeploymentPostprocessing = 0;
		};
		81FC03E217CB549E0014C14B /* CopyFiles */ = {
			isa = PBXCopyFilesBuildPhase;
			buildActionMask = 2147483647;
			dstPath = "";
			dstSubfolderSpec = 7;
			files = (
				8168994517CDF75C00058B9F /* dsa_pub.pem in CopyFiles */,
			);
			runOnlyForDeploymentPostprocessing = 0;
		};
/* End PBXCopyFilesBuildPhase section */

/* Begin PBXFileReference section */
		811170D917532F740073792B /* NumberFieldFormatter.h */ = {isa = PBXFileReference; fileEncoding = 4; lastKnownFileType = sourcecode.c.h; lineEnding = 0; name = NumberFieldFormatter.h; path = Controllers/HelperControllers/NumberFieldFormatter.h; sourceTree = "<group>"; xcLanguageSpecificationIdentifier = xcode.lang.objcpp; };
		811170DA17532F740073792B /* NumberFieldFormatter.m */ = {isa = PBXFileReference; fileEncoding = 4; lastKnownFileType = sourcecode.c.objc; lineEnding = 0; name = NumberFieldFormatter.m; path = Controllers/HelperControllers/NumberFieldFormatter.m; sourceTree = "<group>"; xcLanguageSpecificationIdentifier = xcode.lang.objc; };
		8121CBC91746576900D5B436 /* HFSUtilsGUI.app */ = {isa = PBXFileReference; explicitFileType = wrapper.application; includeInIndex = 0; path = HFSUtilsGUI.app; sourceTree = BUILT_PRODUCTS_DIR; };
		8121CBCD1746576900D5B436 /* Cocoa.framework */ = {isa = PBXFileReference; lastKnownFileType = wrapper.framework; name = Cocoa.framework; path = System/Library/Frameworks/Cocoa.framework; sourceTree = SDKROOT; };
		8121CBD01746576900D5B436 /* AppKit.framework */ = {isa = PBXFileReference; lastKnownFileType = wrapper.framework; name = AppKit.framework; path = System/Library/Frameworks/AppKit.framework; sourceTree = SDKROOT; };
		8121CBD11746576900D5B436 /* CoreData.framework */ = {isa = PBXFileReference; lastKnownFileType = wrapper.framework; name = CoreData.framework; path = System/Library/Frameworks/CoreData.framework; sourceTree = SDKROOT; };
		8121CBD21746576900D5B436 /* Foundation.framework */ = {isa = PBXFileReference; lastKnownFileType = wrapper.framework; name = Foundation.framework; path = System/Library/Frameworks/Foundation.framework; sourceTree = SDKROOT; };
		8121CBD51746576900D5B436 /* HFSUtilsGUI-Info.plist */ = {isa = PBXFileReference; lastKnownFileType = text.plist.xml; path = "HFSUtilsGUI-Info.plist"; sourceTree = "<group>"; };
		8121CBD71746576900D5B436 /* en */ = {isa = PBXFileReference; lastKnownFileType = text.plist.strings; name = en; path = en.lproj/InfoPlist.strings; sourceTree = "<group>"; };
		8121CBD91746576900D5B436 /* main.m */ = {isa = PBXFileReference; lastKnownFileType = sourcecode.c.objc; lineEnding = 0; path = main.m; sourceTree = "<group>"; xcLanguageSpecificationIdentifier = xcode.lang.objc; };
		8121CBDB1746576900D5B436 /* HFSUtilsGUI-Prefix.pch */ = {isa = PBXFileReference; lastKnownFileType = sourcecode.c.h; path = "HFSUtilsGUI-Prefix.pch"; sourceTree = "<group>"; };
		8121CBDD1746576900D5B436 /* en */ = {isa = PBXFileReference; lastKnownFileType = text.rtf; name = en; path = en.lproj/Credits.rtf; sourceTree = "<group>"; };
		8121CBDF1746576900D5B436 /* AppDelegate.h */ = {isa = PBXFileReference; lastKnownFileType = sourcecode.c.h; lineEnding = 0; name = AppDelegate.h; path = HFSUtilsGUI/AppDelegate.h; sourceTree = "<group>"; xcLanguageSpecificationIdentifier = xcode.lang.objcpp; };
		8121CBE01746576900D5B436 /* AppDelegate.m */ = {isa = PBXFileReference; lastKnownFileType = sourcecode.c.objc; lineEnding = 0; name = AppDelegate.m; path = HFSUtilsGUI/AppDelegate.m; sourceTree = "<group>"; xcLanguageSpecificationIdentifier = xcode.lang.objc; };
		8121CBE31746576900D5B436 /* en */ = {isa = PBXFileReference; lastKnownFileType = file.xib; name = en; path = en.lproj/MainMenu.xib; sourceTree = "<group>"; };
		8130C20B175A527E00D54D24 /* pv */ = {isa = PBXFileReference; lastKnownFileType = "compiled.mach-o.executable"; name = pv; path = HFSUtilsGUI/Resources/UnixTools/pv; sourceTree = "<group>"; };
		8149BB7C1754D06E005AB3C7 /* CreateImageWindowController.h */ = {isa = PBXFileReference; fileEncoding = 4; lastKnownFileType = sourcecode.c.h; lineEnding = 0; name = CreateImageWindowController.h; path = Controllers/WindowControllers/CreateImageWindowController.h; sourceTree = "<group>"; xcLanguageSpecificationIdentifier = xcode.lang.objcpp; };
		8149BB7D1754D06E005AB3C7 /* CreateImageWindowController.m */ = {isa = PBXFileReference; fileEncoding = 4; lastKnownFileType = sourcecode.c.objc; lineEnding = 0; name = CreateImageWindowController.m; path = Controllers/WindowControllers/CreateImageWindowController.m; sourceTree = "<group>"; xcLanguageSpecificationIdentifier = xcode.lang.objc; };
		8149BB7F1754D088005AB3C7 /* CreateImageWindow.xib */ = {isa = PBXFileReference; fileEncoding = 4; lastKnownFileType = file.xib; name = CreateImageWindow.xib; path = Views/CreateImageWindow.xib; sourceTree = "<group>"; };
		8160C54A175F7668007001CF /* HFSFileIcon.icns */ = {isa = PBXFileReference; lastKnownFileType = image.icns; name = HFSFileIcon.icns; path = HFSUtilsGUI/Images/Icons/HFSFileIcon.icns; sourceTree = "<group>"; };
		8168990C17CDF5DF00058B9F /* dsa_pub.pem */ = {isa = PBXFileReference; fileEncoding = 4; lastKnownFileType = text; name = dsa_pub.pem; path = HFSUtilsGUI/Resources/SparkleKey/dsa_pub.pem; sourceTree = "<group>"; };
		8168990E17CDF5F400058B9F /* hattrib */ = {isa = PBXFileReference; lastKnownFileType = "compiled.mach-o.executable"; name = hattrib; path = HFSUtilsGUI/Resources/UnixTools/HFSTools/hattrib; sourceTree = SOURCE_ROOT; };
		8168990F17CDF5F400058B9F /* hcd */ = {isa = PBXFileReference; lastKnownFileType = "compiled.mach-o.executable"; name = hcd; path = HFSUtilsGUI/Resources/UnixTools/HFSTools/hcd; sourceTree = SOURCE_ROOT; };
		8168991017CDF5F400058B9F /* hcopy */ = {isa = PBXFileReference; lastKnownFileType = "compiled.mach-o.executable"; name = hcopy; path = HFSUtilsGUI/Resources/UnixTools/HFSTools/hcopy; sourceTree = SOURCE_ROOT; };
		8168991117CDF5F400058B9F /* hdel */ = {isa = PBXFileReference; lastKnownFileType = "compiled.mach-o.executable"; name = hdel; path = HFSUtilsGUI/Resources/UnixTools/HFSTools/hdel; sourceTree = SOURCE_ROOT; };
		8168991217CDF5F400058B9F /* hdir */ = {isa = PBXFileReference; lastKnownFileType = "compiled.mach-o.executable"; name = hdir; path = HFSUtilsGUI/Resources/UnixTools/HFSTools/hdir; sourceTree = SOURCE_ROOT; };
		8168991317CDF5F400058B9F /* hformat */ = {isa = PBXFileReference; lastKnownFileType = "compiled.mach-o.executable"; name = hformat; path = HFSUtilsGUI/Resources/UnixTools/HFSTools/hformat; sourceTree = SOURCE_ROOT; };
		8168991417CDF5F400058B9F /* hfsutil */ = {isa = PBXFileReference; lastKnownFileType = "compiled.mach-o.executable"; name = hfsutil; path = HFSUtilsGUI/Resources/UnixTools/HFSTools/hfsutil; sourceTree = SOURCE_ROOT; };
		8168991517CDF5F400058B9F /* hls */ = {isa = PBXFileReference; lastKnownFileType = "compiled.mach-o.executable"; name = hls; path = HFSUtilsGUI/Resources/UnixTools/HFSTools/hls; sourceTree = SOURCE_ROOT; };
		8168991617CDF5F400058B9F /* hmkdir */ = {isa = PBXFileReference; lastKnownFileType = "compiled.mach-o.executable"; name = hmkdir; path = HFSUtilsGUI/Resources/UnixTools/HFSTools/hmkdir; sourceTree = SOURCE_ROOT; };
		8168991717CDF5F400058B9F /* hmount */ = {isa = PBXFileReference; lastKnownFileType = "compiled.mach-o.executable"; name = hmount; path = HFSUtilsGUI/Resources/UnixTools/HFSTools/hmount; sourceTree = SOURCE_ROOT; };
		8168991817CDF5F400058B9F /* hpwd */ = {isa = PBXFileReference; lastKnownFileType = "compiled.mach-o.executable"; name = hpwd; path = HFSUtilsGUI/Resources/UnixTools/HFSTools/hpwd; sourceTree = SOURCE_ROOT; };
		8168991917CDF5F400058B9F /* hrename */ = {isa = PBXFileReference; lastKnownFileType = "compiled.mach-o.executable"; name = hrename; path = HFSUtilsGUI/Resources/UnixTools/HFSTools/hrename; sourceTree = SOURCE_ROOT; };
		8168991A17CDF5F400058B9F /* hrmdir */ = {isa = PBXFileReference; lastKnownFileType = "compiled.mach-o.executable"; name = hrmdir; path = HFSUtilsGUI/Resources/UnixTools/HFSTools/hrmdir; sourceTree = SOURCE_ROOT; };
		8168991B17CDF5F400058B9F /* humount */ = {isa = PBXFileReference; lastKnownFileType = "compiled.mach-o.executable"; name = humount; path = HFSUtilsGUI/Resources/UnixTools/HFSTools/humount; sourceTree = SOURCE_ROOT; };
		8168991C17CDF5F400058B9F /* hvol */ = {isa = PBXFileReference; lastKnownFileType = "compiled.mach-o.executable"; name = hvol; path = HFSUtilsGUI/Resources/UnixTools/HFSTools/hvol; sourceTree = SOURCE_ROOT; };
		8168994617CDF79900058B9F /* Sparkle.framework */ = {isa = PBXFileReference; lastKnownFileType = wrapper.framework; name = Sparkle.framework; path = HFSUtilsGUI/Frameworks/Sparkle.framework; sourceTree = "<group>"; };
		8183CDEF174FCC21001A4BA5 /* ImageUtility.h */ = {isa = PBXFileReference; fileEncoding = 4; lastKnownFileType = sourcecode.c.h; lineEnding = 0; name = ImageUtility.h; path = Controllers/UtilityControllers/ImageUtility.h; sourceTree = "<group>"; xcLanguageSpecificationIdentifier = xcode.lang.objcpp; };
		8183CDF0174FCC21001A4BA5 /* ImageUtility.m */ = {isa = PBXFileReference; fileEncoding = 4; lastKnownFileType = sourcecode.c.objc; lineEnding = 0; name = ImageUtility.m; path = Controllers/UtilityControllers/ImageUtility.m; sourceTree = "<group>"; xcLanguageSpecificationIdentifier = xcode.lang.objc; };
		819A1CFD17522E5400AF93C0 /* CustomDiskSizeWindowController.h */ = {isa = PBXFileReference; fileEncoding = 4; lastKnownFileType = sourcecode.c.h; lineEnding = 0; name = CustomDiskSizeWindowController.h; path = Controllers/WindowControllers/CustomDiskSizeWindowController.h; sourceTree = "<group>"; xcLanguageSpecificationIdentifier = xcode.lang.objcpp; };
		819A1CFE17522E5400AF93C0 /* CustomDiskSizeWindowController.m */ = {isa = PBXFileReference; fileEncoding = 4; lastKnownFileType = sourcecode.c.objc; lineEnding = 0; name = CustomDiskSizeWindowController.m; path = Controllers/WindowControllers/CustomDiskSizeWindowController.m; sourceTree = "<group>"; xcLanguageSpecificationIdentifier = xcode.lang.objc; };
		81B38A091760ACFE002320C6 /* IconCell.m */ = {isa = PBXFileReference; fileEncoding = 4; lastKnownFileType = sourcecode.c.objc; path = IconCell.m; sourceTree = "<group>"; };
		81B38A0A1760ACFE002320C6 /* IconCell.h */ = {isa = PBXFileReference; fileEncoding = 4; lastKnownFileType = sourcecode.c.h; path = IconCell.h; sourceTree = "<group>"; };
		81B38A111760AECA002320C6 /* ImageFilesOutlineViewController.h */ = {isa = PBXFileReference; fileEncoding = 4; lastKnownFileType = sourcecode.c.h; name = ImageFilesOutlineViewController.h; path = Controllers/UtilityControllers/ImageFilesOutlineViewController.h; sourceTree = "<group>"; };
		81B38A121760AECA002320C6 /* ImageFilesOutlineViewController.m */ = {isa = PBXFileReference; fileEncoding = 4; lastKnownFileType = sourcecode.c.objc; name = ImageFilesOutlineViewController.m; path = Controllers/UtilityControllers/ImageFilesOutlineViewController.m; sourceTree = "<group>"; };
		81B38A161760AF26002320C6 /* ImageFileModel.h */ = {isa = PBXFileReference; fileEncoding = 4; lastKnownFileType = sourcecode.c.h; name = ImageFileModel.h; path = HFSUtilsGUI/Models/ImageFileModel.h; sourceTree = "<group>"; };
		81B38A171760AF26002320C6 /* ImageFileModel.m */ = {isa = PBXFileReference; fileEncoding = 4; lastKnownFileType = sourcecode.c.objc; name = ImageFileModel.m; path = HFSUtilsGUI/Models/ImageFileModel.m; sourceTree = "<group>"; };
		81B475C51753B60D00F69FF8 /* CustomDiskSizeWindow.xib */ = {isa = PBXFileReference; fileEncoding = 4; lastKnownFileType = file.xib; name = CustomDiskSizeWindow.xib; path = Views/CustomDiskSizeWindow.xib; sourceTree = "<group>"; };
		81B475C71753B83500F69FF8 /* HFSUtilsIcon2.icns */ = {isa = PBXFileReference; lastKnownFileType = image.icns; name = HFSUtilsIcon2.icns; path = HFSUtilsGUI/Images/Icons/HFSUtilsIcon2.icns; sourceTree = "<group>"; };
		81CA8BA31756665500565AB4 /* HFSProject.png */ = {isa = PBXFileReference; lastKnownFileType = image.png; name = HFSProject.png; path = HFSUtilsGUI/Images/HFSProject.png; sourceTree = "<group>"; };
		81E6840D175616C100E98E2F /* HFSUtilsIcon3.icns */ = {isa = PBXFileReference; lastKnownFileType = image.icns; name = HFSUtilsIcon3.icns; path = HFSUtilsGUI/Images/Icons/HFSUtilsIcon3.icns; sourceTree = "<group>"; };
/* End PBXFileReference section */

/* Begin PBXFrameworksBuildPhase section */
		8121CBC61746576900D5B436 /* Frameworks */ = {
			isa = PBXFrameworksBuildPhase;
			buildActionMask = 2147483647;
			files = (
				8121CBCE1746576900D5B436 /* Cocoa.framework in Frameworks */,
				8168994717CDF79900058B9F /* Sparkle.framework in Frameworks */,
			);
			runOnlyForDeploymentPostprocessing = 0;
		};
/* End PBXFrameworksBuildPhase section */

/* Begin PBXGroup section */
		811170D817532EFA0073792B /* HelperControllers */ = {
			isa = PBXGroup;
			children = (
				81B38A0A1760ACFE002320C6 /* IconCell.h */,
				81B38A091760ACFE002320C6 /* IconCell.m */,
				811170D917532F740073792B /* NumberFieldFormatter.h */,
				811170DA17532F740073792B /* NumberFieldFormatter.m */,
			);
			name = HelperControllers;
			path = HFSUtilsGUI;
			sourceTree = "<group>";
		};
		8121CBBE1746576800D5B436 = {
			isa = PBXGroup;
			children = (
				81FC03DE17CB53E70014C14B /* Resources */,
				81B38A151760AEF6002320C6 /* Models */,
				81E684191756515F00E98E2F /* Controllers */,
				8141B387174E1C8800D89992 /* Views */,
				8121CBD41746576900D5B436 /* Supporting Files */,
				8121CBCC1746576900D5B436 /* Frameworks */,
				8121CBCA1746576900D5B436 /* Products */,
			);
			sourceTree = "<group>";
		};
		8121CBCA1746576900D5B436 /* Products */ = {
			isa = PBXGroup;
			children = (
				8121CBC91746576900D5B436 /* HFSUtilsGUI.app */,
			);
			name = Products;
			sourceTree = "<group>";
		};
		8121CBCC1746576900D5B436 /* Frameworks */ = {
			isa = PBXGroup;
			children = (
				8168994617CDF79900058B9F /* Sparkle.framework */,
				8121CBCD1746576900D5B436 /* Cocoa.framework */,
				8121CBCF1746576900D5B436 /* Other Frameworks */,
			);
			name = Frameworks;
			sourceTree = "<group>";
		};
		8121CBCF1746576900D5B436 /* Other Frameworks */ = {
			isa = PBXGroup;
			children = (
				8121CBD01746576900D5B436 /* AppKit.framework */,
				8121CBD11746576900D5B436 /* CoreData.framework */,
				8121CBD21746576900D5B436 /* Foundation.framework */,
			);
			name = "Other Frameworks";
			sourceTree = "<group>";
		};
		8121CBD41746576900D5B436 /* Supporting Files */ = {
			isa = PBXGroup;
			children = (
				8183CDEA174FA952001A4BA5 /* Images */,
				8121CBD51746576900D5B436 /* HFSUtilsGUI-Info.plist */,
				8121CBD61746576900D5B436 /* InfoPlist.strings */,
				8121CBD91746576900D5B436 /* main.m */,
				8121CBDB1746576900D5B436 /* HFSUtilsGUI-Prefix.pch */,
				8121CBDC1746576900D5B436 /* Credits.rtf */,
			);
			name = "Supporting Files";
			path = HFSUtilsGUI;
			sourceTree = "<group>";
		};
		8121CC0A17465AB500D5B436 /* HFSTools */ = {
			isa = PBXGroup;
			children = (
				8168990E17CDF5F400058B9F /* hattrib */,
				8168990F17CDF5F400058B9F /* hcd */,
				8168991017CDF5F400058B9F /* hcopy */,
				8168991117CDF5F400058B9F /* hdel */,
				8168991217CDF5F400058B9F /* hdir */,
				8168991317CDF5F400058B9F /* hformat */,
				8168991417CDF5F400058B9F /* hfsutil */,
				8168991517CDF5F400058B9F /* hls */,
				8168991617CDF5F400058B9F /* hmkdir */,
				8168991717CDF5F400058B9F /* hmount */,
				8168991817CDF5F400058B9F /* hpwd */,
				8168991917CDF5F400058B9F /* hrename */,
				8168991A17CDF5F400058B9F /* hrmdir */,
				8168991B17CDF5F400058B9F /* humount */,
				8168991C17CDF5F400058B9F /* hvol */,
			);
			path = HFSTools;
			sourceTree = "<group>";
		};
		8130C209175A526000D54D24 /* UnixTools */ = {
			isa = PBXGroup;
			children = (
				8130C20B175A527E00D54D24 /* pv */,
				8121CC0A17465AB500D5B436 /* HFSTools */,
			);
			name = UnixTools;
			sourceTree = "<group>";
		};
		8141B387174E1C8800D89992 /* Views */ = {
			isa = PBXGroup;
			children = (
				8121CBE21746576900D5B436 /* MainMenu.xib */,
				81B475C51753B60D00F69FF8 /* CustomDiskSizeWindow.xib */,
				8149BB7F1754D088005AB3C7 /* CreateImageWindow.xib */,
			);
			name = Views;
			path = HFSUtilsGUI;
			sourceTree = "<group>";
		};
		8149BB7B1754CFE1005AB3C7 /* WindowControllers */ = {
			isa = PBXGroup;
			children = (
				8149BB7C1754D06E005AB3C7 /* CreateImageWindowController.h */,
				8149BB7D1754D06E005AB3C7 /* CreateImageWindowController.m */,
				819A1CFD17522E5400AF93C0 /* CustomDiskSizeWindowController.h */,
				819A1CFE17522E5400AF93C0 /* CustomDiskSizeWindowController.m */,
			);
			name = WindowControllers;
			path = HFSUtilsGUI;
			sourceTree = "<group>";
		};
		8183CDEA174FA952001A4BA5 /* Images */ = {
			isa = PBXGroup;
			children = (
				81CA8BA31756665500565AB4 /* HFSProject.png */,
				81E6841A175651C700E98E2F /* Icons */,
			);
			name = Images;
			path = ..;
			sourceTree = "<group>";
		};
		819A1D0017522E9B00AF93C0 /* UtilityControllers */ = {
			isa = PBXGroup;
			children = (
				8183CDEF174FCC21001A4BA5 /* ImageUtility.h */,
				8183CDF0174FCC21001A4BA5 /* ImageUtility.m */,
				81B38A111760AECA002320C6 /* ImageFilesOutlineViewController.h */,
				81B38A121760AECA002320C6 /* ImageFilesOutlineViewController.m */,
			);
			name = UtilityControllers;
			path = HFSUtilsGUI;
			sourceTree = "<group>";
		};
		81B38A151760AEF6002320C6 /* Models */ = {
			isa = PBXGroup;
			children = (
				81B38A161760AF26002320C6 /* ImageFileModel.h */,
				81B38A171760AF26002320C6 /* ImageFileModel.m */,
			);
			name = Models;
			sourceTree = "<group>";
		};
		81E684191756515F00E98E2F /* Controllers */ = {
			isa = PBXGroup;
			children = (
				8149BB7B1754CFE1005AB3C7 /* WindowControllers */,
				819A1D0017522E9B00AF93C0 /* UtilityControllers */,
				811170D817532EFA0073792B /* HelperControllers */,
				8121CBDF1746576900D5B436 /* AppDelegate.h */,
				8121CBE01746576900D5B436 /* AppDelegate.m */,
			);
			name = Controllers;
			sourceTree = "<group>";
		};
		81E6841A175651C700E98E2F /* Icons */ = {
			isa = PBXGroup;
			children = (
				81B475C71753B83500F69FF8 /* HFSUtilsIcon2.icns */,
				81E6840D175616C100E98E2F /* HFSUtilsIcon3.icns */,
				8160C54A175F7668007001CF /* HFSFileIcon.icns */,
			);
			name = Icons;
			sourceTree = "<group>";
		};
		81FC03DE17CB53E70014C14B /* Resources */ = {
			isa = PBXGroup;
			children = (
				81FC03DF17CB53FE0014C14B /* SparkleKey */,
				8130C209175A526000D54D24 /* UnixTools */,
			);
			name = Resources;
			sourceTree = "<group>";
		};
		81FC03DF17CB53FE0014C14B /* SparkleKey */ = {
			isa = PBXGroup;
			children = (
				8168990C17CDF5DF00058B9F /* dsa_pub.pem */,
			);
			name = SparkleKey;
			sourceTree = "<group>";
		};
/* End PBXGroup section */

/* Begin PBXNativeTarget section */
		8121CBC81746576900D5B436 /* HFSUtilsGUI */ = {
			isa = PBXNativeTarget;
			buildConfigurationList = 8121CBE71746576900D5B436 /* Build configuration list for PBXNativeTarget "HFSUtilsGUI" */;
			buildPhases = (
				8121CBC51746576900D5B436 /* Sources */,
				8121CBC61746576900D5B436 /* Frameworks */,
				8121CBC71746576900D5B436 /* Resources */,
				8130C20D175A529400D54D24 /* CopyFiles */,
				8121CBEA17465A4100D5B436 /* CopyFiles */,
				81FC03DC17CB52BF0014C14B /* CopyFiles */,
				81FC03E217CB549E0014C14B /* CopyFiles */,
			);
			buildRules = (
			);
			dependencies = (
			);
			name = HFSUtilsGUI;
			productName = HFSUtilsGUI;
			productReference = 8121CBC91746576900D5B436 /* HFSUtilsGUI.app */;
			productType = "com.apple.product-type.application";
		};
/* End PBXNativeTarget section */

/* Begin PBXProject section */
		8121CBC01746576800D5B436 /* Project object */ = {
			isa = PBXProject;
			attributes = {
				LastUpgradeCheck = 0420;
				ORGANIZATIONNAME = Zerogrey;
			};
			buildConfigurationList = 8121CBC31746576800D5B436 /* Build configuration list for PBXProject "HFSUtilsGUI" */;
			compatibilityVersion = "Xcode 3.2";
			developmentRegion = English;
			hasScannedForEncodings = 0;
			knownRegions = (
				en,
			);
			mainGroup = 8121CBBE1746576800D5B436;
			productRefGroup = 8121CBCA1746576900D5B436 /* Products */;
			projectDirPath = "";
			projectRoot = "";
			targets = (
				8121CBC81746576900D5B436 /* HFSUtilsGUI */,
			);
		};
/* End PBXProject section */

/* Begin PBXResourcesBuildPhase section */
		8121CBC71746576900D5B436 /* Resources */ = {
			isa = PBXResourcesBuildPhase;
			buildActionMask = 2147483647;
			files = (
				8121CBD81746576900D5B436 /* InfoPlist.strings in Resources */,
				8121CBDE1746576900D5B436 /* Credits.rtf in Resources */,
				8121CBE41746576900D5B436 /* MainMenu.xib in Resources */,
				81B475C61753B60D00F69FF8 /* CustomDiskSizeWindow.xib in Resources */,
				81B475C81753B83500F69FF8 /* HFSUtilsIcon2.icns in Resources */,
				8149BB801754D088005AB3C7 /* CreateImageWindow.xib in Resources */,
				81E6840E175616C100E98E2F /* HFSUtilsIcon3.icns in Resources */,
				81CA8BA41756665500565AB4 /* HFSProject.png in Resources */,
				8130C20C175A527E00D54D24 /* pv in Resources */,
				8160C54B175F7668007001CF /* HFSFileIcon.icns in Resources */,
				8168990D17CDF5DF00058B9F /* dsa_pub.pem in Resources */,
				8168991D17CDF5F400058B9F /* hattrib in Resources */,
				8168991E17CDF5F400058B9F /* hcd in Resources */,
				8168991F17CDF5F400058B9F /* hcopy in Resources */,
				8168992017CDF5F400058B9F /* hdel in Resources */,
				8168992117CDF5F400058B9F /* hdir in Resources */,
				8168992217CDF5F400058B9F /* hformat in Resources */,
				8168992317CDF5F400058B9F /* hfsutil in Resources */,
				8168992417CDF5F400058B9F /* hls in Resources */,
				8168992517CDF5F400058B9F /* hmkdir in Resources */,
				8168992617CDF5F400058B9F /* hmount in Resources */,
				8168992717CDF5F400058B9F /* hpwd in Resources */,
				8168992817CDF5F400058B9F /* hrename in Resources */,
				8168992917CDF5F400058B9F /* hrmdir in Resources */,
				8168992A17CDF5F400058B9F /* humount in Resources */,
				8168992B17CDF5F400058B9F /* hvol in Resources */,
			);
			runOnlyForDeploymentPostprocessing = 0;
		};
/* End PBXResourcesBuildPhase section */

/* Begin PBXSourcesBuildPhase section */
		8121CBC51746576900D5B436 /* Sources */ = {
			isa = PBXSourcesBuildPhase;
			buildActionMask = 2147483647;
			files = (
				8121CBDA1746576900D5B436 /* main.m in Sources */,
				8121CBE11746576900D5B436 /* AppDelegate.m in Sources */,
				8183CDF1174FCC21001A4BA5 /* ImageUtility.m in Sources */,
				819A1CFF17522E5400AF93C0 /* CustomDiskSizeWindowController.m in Sources */,
				811170DB17532F740073792B /* NumberFieldFormatter.m in Sources */,
				8149BB7E1754D06E005AB3C7 /* CreateImageWindowController.m in Sources */,
				81B38A0B1760ACFE002320C6 /* IconCell.m in Sources */,
				81B38A131760AECA002320C6 /* ImageFilesOutlineViewController.m in Sources */,
				81B38A181760AF26002320C6 /* ImageFileModel.m in Sources */,
			);
			runOnlyForDeploymentPostprocessing = 0;
		};
/* End PBXSourcesBuildPhase section */

/* Begin PBXVariantGroup section */
		8121CBD61746576900D5B436 /* InfoPlist.strings */ = {
			isa = PBXVariantGroup;
			children = (
				8121CBD71746576900D5B436 /* en */,
			);
			name = InfoPlist.strings;
			sourceTree = "<group>";
		};
		8121CBDC1746576900D5B436 /* Credits.rtf */ = {
			isa = PBXVariantGroup;
			children = (
				8121CBDD1746576900D5B436 /* en */,
			);
			name = Credits.rtf;
			sourceTree = "<group>";
		};
		8121CBE21746576900D5B436 /* MainMenu.xib */ = {
			isa = PBXVariantGroup;
			children = (
				8121CBE31746576900D5B436 /* en */,
			);
			name = MainMenu.xib;
			sourceTree = "<group>";
		};
/* End PBXVariantGroup section */

/* Begin XCBuildConfiguration section */
		8121CBE51746576900D5B436 /* Debug */ = {
			isa = XCBuildConfiguration;
			buildSettings = {
				ALWAYS_SEARCH_USER_PATHS = NO;
				ARCHS = "$(ARCHS_STANDARD_64_BIT)";
				COPY_PHASE_STRIP = NO;
				GCC_C_LANGUAGE_STANDARD = gnu99;
				GCC_DYNAMIC_NO_PIC = NO;
				GCC_ENABLE_OBJC_EXCEPTIONS = YES;
				GCC_OPTIMIZATION_LEVEL = 0;
				GCC_PREPROCESSOR_DEFINITIONS = (
					"DEBUG=1",
					"$(inherited)",
				);
				GCC_SYMBOLS_PRIVATE_EXTERN = NO;
				GCC_VERSION = com.apple.compilers.llvm.clang.1_0;
				GCC_WARN_64_TO_32_BIT_CONVERSION = YES;
				GCC_WARN_ABOUT_MISSING_PROTOTYPES = YES;
				GCC_WARN_ABOUT_RETURN_TYPE = YES;
				GCC_WARN_UNUSED_VARIABLE = YES;
				MACOSX_DEPLOYMENT_TARGET = 10.6;
				ONLY_ACTIVE_ARCH = YES;
				SDKROOT = macosx;
			};
			name = Debug;
		};
		8121CBE61746576900D5B436 /* Release */ = {
			isa = XCBuildConfiguration;
			buildSettings = {
				ALWAYS_SEARCH_USER_PATHS = NO;
				ARCHS = "$(ARCHS_STANDARD_64_BIT)";
				COPY_PHASE_STRIP = YES;
				DEBUG_INFORMATION_FORMAT = "dwarf-with-dsym";
				GCC_C_LANGUAGE_STANDARD = gnu99;
				GCC_ENABLE_OBJC_EXCEPTIONS = YES;
				GCC_VERSION = com.apple.compilers.llvm.clang.1_0;
				GCC_WARN_64_TO_32_BIT_CONVERSION = YES;
				GCC_WARN_ABOUT_MISSING_PROTOTYPES = YES;
				GCC_WARN_ABOUT_RETURN_TYPE = YES;
				GCC_WARN_UNUSED_VARIABLE = YES;
				MACOSX_DEPLOYMENT_TARGET = 10.6;
				SDKROOT = macosx;
			};
			name = Release;
		};
		8121CBE81746576900D5B436 /* Debug */ = {
			isa = XCBuildConfiguration;
			buildSettings = {
				FRAMEWORK_SEARCH_PATHS = (
					"$(inherited)",
					"\"$(SRCROOT)\"",
					"\"$(SRCROOT)/HFSUtilsGUI/Frameworks\"",
				);
				GCC_PRECOMPILE_PREFIX_HEADER = YES;
				GCC_PREFIX_HEADER = "HFSUtilsGUI/HFSUtilsGUI-Prefix.pch";
				INFOPLIST_FILE = "HFSUtilsGUI/HFSUtilsGUI-Info.plist";
				PRODUCT_NAME = "$(TARGET_NAME)";
				WRAPPER_EXTENSION = app;
			};
			name = Debug;
		};
		8121CBE91746576900D5B436 /* Release */ = {
			isa = XCBuildConfiguration;
			buildSettings = {
				FRAMEWORK_SEARCH_PATHS = (
					"$(inherited)",
					"\"$(SRCROOT)\"",
					"\"$(SRCROOT)/HFSUtilsGUI/Frameworks\"",
				);
				GCC_PRECOMPILE_PREFIX_HEADER = YES;
				GCC_PREFIX_HEADER = "HFSUtilsGUI/HFSUtilsGUI-Prefix.pch";
				INFOPLIST_FILE = "HFSUtilsGUI/HFSUtilsGUI-Info.plist";
				PRODUCT_NAME = "$(TARGET_NAME)";
				WRAPPER_EXTENSION = app;
			};
			name = Release;
		};
/* End XCBuildConfiguration section */

/* Begin XCConfigurationList section */
		8121CBC31746576800D5B436 /* Build configuration list for PBXProject "HFSUtilsGUI" */ = {
			isa = XCConfigurationList;
			buildConfigurations = (
				8121CBE51746576900D5B436 /* Debug */,
				8121CBE61746576900D5B436 /* Release */,
			);
			defaultConfigurationIsVisible = 0;
			defaultConfigurationName = Release;
		};
		8121CBE71746576900D5B436 /* Build configuration list for PBXNativeTarget "HFSUtilsGUI" */ = {
			isa = XCConfigurationList;
			buildConfigurations = (
				8121CBE81746576900D5B436 /* Debug */,
				8121CBE91746576900D5B436 /* Release */,
			);
			defaultConfigurationIsVisible = 0;
			defaultConfigurationName = Release;
		};
/* End XCConfigurationList section */
	};
	rootObject = 8121CBC01746576800D5B436 /* Project object */;
}
